
Microsoft Visual Studio Solution File, Format Version 12.00
# Visual Studio Version 16
VisualStudioVersion = 16.0.31112.23
MinimumVisualStudioVersion = 10.0.40219.1
Project("{FAE04EC0-301F-11D3-BF4B-00C04F79EFBC}") = "game", "game\game.csproj", "{D839E90B-2B98-4C4D-BBBC-E911391C20FD}"
EndProject
Global
	GlobalSection(SolutionConfigurationPlatforms) = preSolution
		Debug|Any CPU = Debug|Any CPU
		Release|Any CPU = Release|Any CPU
	EndGlobalSection
	GlobalSection(ProjectConfigurationPlatforms) = postSolution
		{D839E90B-2B98-4C4D-BBBC-E911391C20FD}.Debug|Any CPU.ActiveCfg = Debug|Any CPU
		{D839E90B-2B98-4C4D-BBBC-E911391C20FD}.Debug|Any CPU.Build.0 = Debug|Any CPU
		{D839E90B-2B98-4C4D-BBBC-E911391C20FD}.Release|Any CPU.ActiveCfg = Release|Any CPU
		{D839E90B-2B98-4C4D-BBBC-E911391C20FD}.Release|Any CPU.Build.0 = Release|Any CPU
	EndGlobalSection
	GlobalSection(SolutionProperties) = preSolution
		HideSolutionNode = FALSE
	EndGlobalSection
	GlobalSection(ExtensibilityGlobals) = postSolution
		SolutionGuid = {C961C319-AE25-4BE5-AB83-31AF3E47E419}
	EndGlobalSection
EndGlobal
